
# cargo-vet imports lock

[[publisher.hashbrown]]
version = "0.14.5"
when = "2024-04-28"
user-id = 2915
user-login = "Amanieu"
user-name = "Amanieu d'Antras"

[[publisher.unicode-segmentation]]
version = "1.12.0"
when = "2024-09-13"
user-id = 1139
user-login = "Manishearth"
user-name = "Manish Goregaokar"

[[publisher.unicode-xid]]
version = "0.2.6"
when = "2024-09-19"
user-id = 1139
user-login = "Manishearth"
user-name = "Manish Goregaokar"

[[publisher.wit-parser]]
version = "0.229.0"
when = "2025-04-17"
user-id = 73222
user-login = "wasmtime-publish"

[[audits.bytecode-alliance.wildcard-audits.wit-parser]]
who = "Alex Crichton <alex@alexcrichton.com>"
criteria = "safe-to-deploy"
user-id = 73222 # wasmtime-publish
start = "2023-01-01"
end = "2026-06-03"
notes = """
The Bytecode Alliance uses the `wasmtime-publish` crates.io account to automate
publication of this crate from CI. This repository requires all PRs are reviewed
by a Bytecode Alliance maintainer and it owned by the Bytecode Alliance itself.
"""

[[audits.bytecode-alliance.audits.cfg-if]]
who = "Alex Crichton <alex@alexcrichton.com>"
criteria = "safe-to-deploy"
version = "1.0.0"
notes = "I am the author of this crate."

[[audits.bytecode-alliance.audits.either]]
who = "Alex Crichton <alex@alexcrichton.com>"
criteria = "safe-to-deploy"
delta = "1.8.1 -> 1.13.0"
notes = "More utilities and such for the `Either` type, no `unsafe` code."

[[audits.bytecode-alliance.audits.heck]]
who = "Alex Crichton <alex@alexcrichton.com>"
criteria = "safe-to-deploy"
version = "0.4.0"
notes = "Contains `forbid_unsafe` and only uses `std::fmt` from the standard library. Otherwise only contains string manipulation."

[[audits.bytecode-alliance.audits.heck]]
who = "Alex Crichton <alex@alexcrichton.com>"
criteria = "safe-to-deploy"
delta = "0.4.1 -> 0.5.0"
notes = "Minor changes for a `no_std` upgrade but otherwise everything looks as expected."

[[audits.bytecode-alliance.audits.log]]
who = "Alex Crichton <alex@alexcrichton.com>"
criteria = "safe-to-deploy"
delta = "0.4.20 -> 0.4.22"
notes = "Mostly updates around the key-value implementation of this crate, but nothing out of place."

[[audits.mozilla.wildcard-audits.unicode-segmentation]]
who = "Manish Goregaokar <manishsmail@gmail.com>"
criteria = "safe-to-deploy"
user-id = 1139 # Manish Goregaokar (Manishearth)
start = "2019-05-15"
end = "2026-02-01"
notes = "All code written or reviewed by Manish"
aggregated-from = "https://hg.mozilla.org/mozilla-central/raw-file/tip/supply-chain/audits.toml"

[[audits.mozilla.wildcard-audits.unicode-xid]]
who = "Manish Goregaokar <manishsmail@gmail.com>"
criteria = "safe-to-deploy"
user-id = 1139 # Manish Goregaokar (Manishearth)
start = "2019-07-25"
end = "2026-02-01"
notes = "All code written or reviewed by Manish"
aggregated-from = "https://hg.mozilla.org/mozilla-central/raw-file/tip/supply-chain/audits.toml"

[[audits.mozilla.audits.either]]
who = "Nika Layzell <nika@thelayzells.com>"
criteria = "safe-to-deploy"
version = "1.6.1"
notes = """
Straightforward crate providing the Either enum and trait implementations with
no unsafe code.
"""
aggregated-from = "https://raw.githubusercontent.com/mozilla/cargo-vet/main/supply-chain/audits.toml"

[[audits.mozilla.audits.either]]
who = "Mike Hommey <mh+mozilla@glandium.org>"
criteria = "safe-to-deploy"
delta = "1.6.1 -> 1.7.0"
aggregated-from = "https://hg.mozilla.org/mozilla-central/raw-file/tip/supply-chain/audits.toml"

[[audits.mozilla.audits.either]]
who = "Mike Hommey <mh+mozilla@glandium.org>"
criteria = "safe-to-deploy"
delta = "1.7.0 -> 1.8.0"
aggregated-from = "https://hg.mozilla.org/mozilla-central/raw-file/tip/supply-chain/audits.toml"

[[audits.mozilla.audits.either]]
who = "Mike Hommey <mh+mozilla@glandium.org>"
criteria = "safe-to-deploy"
delta = "1.8.0 -> 1.8.1"
aggregated-from = "https://hg.mozilla.org/mozilla-central/raw-file/tip/supply-chain/audits.toml"

[[audits.mozilla.audits.heck]]
who = "Mike Hommey <mh+mozilla@glandium.org>"
criteria = "safe-to-deploy"
delta = "0.4.0 -> 0.4.1"
aggregated-from = "https://hg.mozilla.org/mozilla-central/raw-file/tip/supply-chain/audits.toml"

[[audits.mozilla.audits.log]]
who = "Mike Hommey <mh+mozilla@glandium.org>"
criteria = "safe-to-deploy"
version = "0.4.17"
aggregated-from = "https://hg.mozilla.org/mozilla-central/raw-file/tip/supply-chain/audits.toml"

[[audits.mozilla.audits.log]]
who = "Jan-Erik Rediger <jrediger@mozilla.com>"
criteria = "safe-to-deploy"
delta = "0.4.17 -> 0.4.18"
notes = "One dependency removed, others updated (which we don't rely on), some APIs (which we don't use) changed."
aggregated-from = "https://raw.githubusercontent.com/mozilla/glean/main/supply-chain/audits.toml"

[[audits.mozilla.audits.log]]
who = "Kagami Sascha Rosylight <krosylight@mozilla.com>"
criteria = "safe-to-deploy"
delta = "0.4.18 -> 0.4.20"
notes = "Only cfg attribute and internal macro changes and module refactorings"
aggregated-from = "https://raw.githubusercontent.com/mozilla/glean/main/supply-chain/audits.toml"
